
Microsoft Visual Studio Solution File, Format Version 12.00
# Visual Studio 15
VisualStudioVersion = 15.0.26430.4
MinimumVisualStudioVersion = 10.0.40219.1
Project("{FAE04EC0-301F-11D3-BF4B-00C04F79EFBC}") = "PSK.Web", "PSK.Web\PSK.Web.csproj", "{DB367F51-2826-45B7-A008-CB07A9FD80B1}"
EndProject
Project("{FAE04EC0-301F-11D3-BF4B-00C04F79EFBC}") = "PSK.Web.Tests", "PSK.Web.Tests\PSK.Web.Tests.csproj", "{0C8E0915-1481-4A70-8340-DDF03F2A7304}"
EndProject
Global
	GlobalSection(SolutionConfigurationPlatforms) = preSolution
		Debug|Any CPU = Debug|Any CPU
		Release|Any CPU = Release|Any CPU
	EndGlobalSection
	GlobalSection(ProjectConfigurationPlatforms) = postSolution
		{DB367F51-2826-45B7-A008-CB07A9FD80B1}.Debug|Any CPU.ActiveCfg = Debug|Any CPU
		{DB367F51-2826-45B7-A008-CB07A9FD80B1}.Debug|Any CPU.Build.0 = Debug|Any CPU
		{DB367F51-2826-45B7-A008-CB07A9FD80B1}.Release|Any CPU.ActiveCfg = Release|Any CPU
		{DB367F51-2826-45B7-A008-CB07A9FD80B1}.Release|Any CPU.Build.0 = Release|Any CPU
		{0C8E0915-1481-4A70-8340-DDF03F2A7304}.Debug|Any CPU.ActiveCfg = Debug|Any CPU
		{0C8E0915-1481-4A70-8340-DDF03F2A7304}.Debug|Any CPU.Build.0 = Debug|Any CPU
		{0C8E0915-1481-4A70-8340-DDF03F2A7304}.Release|Any CPU.ActiveCfg = Release|Any CPU
		{0C8E0915-1481-4A70-8340-DDF03F2A7304}.Release|Any CPU.Build.0 = Release|Any CPU
	EndGlobalSection
	GlobalSection(SolutionProperties) = preSolution
		HideSolutionNode = FALSE
	EndGlobalSection
EndGlobal
